// !$*UTF8*$!
{
	archiveVersion = 1;
	classes = {
	};
	objectVersion = 46;
	objects = {

/* Begin PBXAggregateTarget section */
		4AB0D8EF189562DF003FE9EC /* mogenerator */ = {
			isa = PBXAggregateTarget;
			buildConfigurationList = 4AB0D8F0189562DF003FE9EC /* Build configuration list for PBXAggregateTarget "mogenerator" */;
			buildPhases = (
				4AB0D8F3189562E8003FE9EC /* Generate model */,
			);
			dependencies = (
			);
			name = mogenerator;
			productName = mogenerator;
		};
/* End PBXAggregateTarget section */

/* Begin PBXBuildFile section */
		243053E817A0936E00848E3A /* HHSignerViewController.m in Sources */ = {isa = PBXBuildFile; fileRef = 243053E717A0936E00848E3A /* HHSignerViewController.m */; };
		24974ABE178605DB000AD52F /* UIKit.framework in Frameworks */ = {isa = PBXBuildFile; fileRef = 24974ABD178605DB000AD52F /* UIKit.framework */; };
		24974AC0178605DB000AD52F /* Foundation.framework in Frameworks */ = {isa = PBXBuildFile; fileRef = 24974ABF178605DB000AD52F /* Foundation.framework */; };
		24974AC2178605DB000AD52F /* CoreGraphics.framework in Frameworks */ = {isa = PBXBuildFile; fileRef = 24974AC1178605DB000AD52F /* CoreGraphics.framework */; };
		24974AC8178605DB000AD52F /* InfoPlist.strings in Resources */ = {isa = PBXBuildFile; fileRef = 24974AC6178605DB000AD52F /* InfoPlist.strings */; };
		24974ACA178605DB000AD52F /* main.m in Sources */ = {isa = PBXBuildFile; fileRef = 24974AC9178605DB000AD52F /* main.m */; };
		24974ACE178605DB000AD52F /* HHAppDelegate.m in Sources */ = {isa = PBXBuildFile; fileRef = 24974ACD178605DB000AD52F /* HHAppDelegate.m */; };
		24974AD0178605DB000AD52F /* Default.png in Resources */ = {isa = PBXBuildFile; fileRef = 24974ACF178605DB000AD52F /* Default.png */; };
		24974AD2178605DC000AD52F /* Default@2x.png in Resources */ = {isa = PBXBuildFile; fileRef = 24974AD1178605DB000AD52F /* Default@2x.png */; };
		24974AD4178605DC000AD52F /* Default-568h@2x.png in Resources */ = {isa = PBXBuildFile; fileRef = 24974AD3178605DC000AD52F /* Default-568h@2x.png */; };
		24974AD7178605DC000AD52F /* MainStoryboard.storyboard in Resources */ = {isa = PBXBuildFile; fileRef = 24974AD5178605DC000AD52F /* MainStoryboard.storyboard */; };
		24974ADA178605DC000AD52F /* HHMasterViewController.m in Sources */ = {isa = PBXBuildFile; fileRef = 24974AD9178605DC000AD52F /* HHMasterViewController.m */; };
		24974ADD178605DC000AD52F /* HHDetailViewController.m in Sources */ = {isa = PBXBuildFile; fileRef = 24974ADC178605DC000AD52F /* HHDetailViewController.m */; };
		24C2BDF1179AF10100EB5B03 /* HHEditClientViewController.m in Sources */ = {isa = PBXBuildFile; fileRef = 24C2BDF0179AF10100EB5B03 /* HHEditClientViewController.m */; };
		24E07B8F17A3E2A60027D01F /* HHClient.m in Sources */ = {isa = PBXBuildFile; fileRef = 24E07B8E17A3E2A60027D01F /* HHClient.m */; };
		24E07B9117A3E2DC0027D01F /* data.plist in Resources */ = {isa = PBXBuildFile; fileRef = 24E07B9017A3E2DC0027D01F /* data.plist */; };
		24E07B9417A3E6F60027D01F /* HHDataSetup.m in Sources */ = {isa = PBXBuildFile; fileRef = 24E07B9317A3E6F60027D01F /* HHDataSetup.m */; };
		24E07B9717A3E8600027D01F /* HHSession.m in Sources */ = {isa = PBXBuildFile; fileRef = 24E07B9617A3E8600027D01F /* HHSession.m */; };
		24ECE4E11799EBBF00CFB726 /* HHClientCell.m in Sources */ = {isa = PBXBuildFile; fileRef = 24ECE4E01799EBBF00CFB726 /* HHClientCell.m */; };
		24F9D3DB179EBA7800941CA5 /* HHSessionViewController.m in Sources */ = {isa = PBXBuildFile; fileRef = 24F9D3DA179EBA7800941CA5 /* HHSessionViewController.m */; };
		4AB0D8EE1895627C003FE9EC /* Model.xcdatamodeld in Sources */ = {isa = PBXBuildFile; fileRef = 4AB0D8EC1895627C003FE9EC /* Model.xcdatamodeld */; };
		4AB0D9021895649D003FE9EC /* Session.m in Sources */ = {isa = PBXBuildFile; fileRef = 4AB0D8FA1895649D003FE9EC /* Session.m */; };
		4AB0D9031895649D003FE9EC /* User.m in Sources */ = {isa = PBXBuildFile; fileRef = 4AB0D8FC1895649D003FE9EC /* User.m */; };
		4AB0D9041895649D003FE9EC /* _Session.m in Sources */ = {isa = PBXBuildFile; fileRef = 4AB0D8FF1895649D003FE9EC /* _Session.m */; };
		4AB0D9051895649D003FE9EC /* _User.m in Sources */ = {isa = PBXBuildFile; fileRef = 4AB0D9011895649D003FE9EC /* _User.m */; };
		4AB0D909189565E7003FE9EC /* RCMAPIClient.m in Sources */ = {isa = PBXBuildFile; fileRef = 4AB0D908189565E7003FE9EC /* RCMAPIClient.m */; };
		4AB0D90C18956797003FE9EC /* RCMManagedObject.m in Sources */ = {isa = PBXBuildFile; fileRef = 4AB0D90B18956797003FE9EC /* RCMManagedObject.m */; };
		4AB0D911189574BF003FE9EC /* UIViewController+APIClientAddition.m in Sources */ = {isa = PBXBuildFile; fileRef = 4AB0D910189574BF003FE9EC /* UIViewController+APIClientAddition.m */; };
		4F45F39ABB7546B58BED1A14 /* libPods.a in Frameworks */ = {isa = PBXBuildFile; fileRef = 8198C798C4D84373968F03CC /* libPods.a */; };
/* End PBXBuildFile section */

/* Begin PBXFileReference section */
		243053E617A0936E00848E3A /* HHSignerViewController.h */ = {isa = PBXFileReference; fileEncoding = 4; lastKnownFileType = sourcecode.c.h; path = HHSignerViewController.h; sourceTree = "<group>"; };
		243053E717A0936E00848E3A /* HHSignerViewController.m */ = {isa = PBXFileReference; fileEncoding = 4; lastKnownFileType = sourcecode.c.objc; path = HHSignerViewController.m; sourceTree = "<group>"; };
		24974ABA178605DB000AD52F /* DarioApp.app */ = {isa = PBXFileReference; explicitFileType = wrapper.application; includeInIndex = 0; path = DarioApp.app; sourceTree = BUILT_PRODUCTS_DIR; };
		24974ABD178605DB000AD52F /* UIKit.framework */ = {isa = PBXFileReference; lastKnownFileType = wrapper.framework; name = UIKit.framework; path = System/Library/Frameworks/UIKit.framework; sourceTree = SDKROOT; };
		24974ABF178605DB000AD52F /* Foundation.framework */ = {isa = PBXFileReference; lastKnownFileType = wrapper.framework; name = Foundation.framework; path = System/Library/Frameworks/Foundation.framework; sourceTree = SDKROOT; };
		24974AC1178605DB000AD52F /* CoreGraphics.framework */ = {isa = PBXFileReference; lastKnownFileType = wrapper.framework; name = CoreGraphics.framework; path = System/Library/Frameworks/CoreGraphics.framework; sourceTree = SDKROOT; };
		24974AC5178605DB000AD52F /* DarioApp-Info.plist */ = {isa = PBXFileReference; lastKnownFileType = text.plist.xml; path = "DarioApp-Info.plist"; sourceTree = "<group>"; };
		24974AC7178605DB000AD52F /* en */ = {isa = PBXFileReference; lastKnownFileType = text.plist.strings; name = en; path = en.lproj/InfoPlist.strings; sourceTree = "<group>"; };
		24974AC9178605DB000AD52F /* main.m */ = {isa = PBXFileReference; lastKnownFileType = sourcecode.c.objc; path = main.m; sourceTree = "<group>"; };
		24974ACB178605DB000AD52F /* DarioApp-Prefix.pch */ = {isa = PBXFileReference; lastKnownFileType = sourcecode.c.h; path = "DarioApp-Prefix.pch"; sourceTree = "<group>"; };
		24974ACC178605DB000AD52F /* HHAppDelegate.h */ = {isa = PBXFileReference; lastKnownFileType = sourcecode.c.h; path = HHAppDelegate.h; sourceTree = "<group>"; };
		24974ACD178605DB000AD52F /* HHAppDelegate.m */ = {isa = PBXFileReference; lastKnownFileType = sourcecode.c.objc; path = HHAppDelegate.m; sourceTree = "<group>"; };
		24974ACF178605DB000AD52F /* Default.png */ = {isa = PBXFileReference; lastKnownFileType = image.png; path = Default.png; sourceTree = "<group>"; };
		24974AD1178605DB000AD52F /* Default@2x.png */ = {isa = PBXFileReference; lastKnownFileType = image.png; path = "Default@2x.png"; sourceTree = "<group>"; };
		24974AD3178605DC000AD52F /* Default-568h@2x.png */ = {isa = PBXFileReference; lastKnownFileType = image.png; path = "Default-568h@2x.png"; sourceTree = "<group>"; };
		24974AD6178605DC000AD52F /* en */ = {isa = PBXFileReference; lastKnownFileType = file.storyboard; name = en; path = en.lproj/MainStoryboard.storyboard; sourceTree = "<group>"; };
		24974AD8178605DC000AD52F /* HHMasterViewController.h */ = {isa = PBXFileReference; lastKnownFileType = sourcecode.c.h; path = HHMasterViewController.h; sourceTree = "<group>"; };
		24974AD9178605DC000AD52F /* HHMasterViewController.m */ = {isa = PBXFileReference; lastKnownFileType = sourcecode.c.objc; path = HHMasterViewController.m; sourceTree = "<group>"; };
		24974ADB178605DC000AD52F /* HHDetailViewController.h */ = {isa = PBXFileReference; lastKnownFileType = sourcecode.c.h; path = HHDetailViewController.h; sourceTree = "<group>"; };
		24974ADC178605DC000AD52F /* HHDetailViewController.m */ = {isa = PBXFileReference; lastKnownFileType = sourcecode.c.objc; path = HHDetailViewController.m; sourceTree = "<group>"; };
		24C2BDEF179AF10100EB5B03 /* HHEditClientViewController.h */ = {isa = PBXFileReference; fileEncoding = 4; lastKnownFileType = sourcecode.c.h; path = HHEditClientViewController.h; sourceTree = "<group>"; };
		24C2BDF0179AF10100EB5B03 /* HHEditClientViewController.m */ = {isa = PBXFileReference; fileEncoding = 4; lastKnownFileType = sourcecode.c.objc; path = HHEditClientViewController.m; sourceTree = "<group>"; };
		24E07B8D17A3E2A60027D01F /* HHClient.h */ = {isa = PBXFileReference; fileEncoding = 4; lastKnownFileType = sourcecode.c.h; path = HHClient.h; sourceTree = "<group>"; };
		24E07B8E17A3E2A60027D01F /* HHClient.m */ = {isa = PBXFileReference; fileEncoding = 4; lastKnownFileType = sourcecode.c.objc; path = HHClient.m; sourceTree = "<group>"; };
		24E07B9017A3E2DC0027D01F /* data.plist */ = {isa = PBXFileReference; fileEncoding = 4; lastKnownFileType = text.plist.xml; path = data.plist; sourceTree = "<group>"; };
		24E07B9217A3E6F60027D01F /* HHDataSetup.h */ = {isa = PBXFileReference; fileEncoding = 4; lastKnownFileType = sourcecode.c.h; path = HHDataSetup.h; sourceTree = "<group>"; };
		24E07B9317A3E6F60027D01F /* HHDataSetup.m */ = {isa = PBXFileReference; fileEncoding = 4; lastKnownFileType = sourcecode.c.objc; path = HHDataSetup.m; sourceTree = "<group>"; };
		24E07B9517A3E8600027D01F /* HHSession.h */ = {isa = PBXFileReference; fileEncoding = 4; lastKnownFileType = sourcecode.c.h; path = HHSession.h; sourceTree = "<group>"; };
		24E07B9617A3E8600027D01F /* HHSession.m */ = {isa = PBXFileReference; fileEncoding = 4; lastKnownFileType = sourcecode.c.objc; path = HHSession.m; sourceTree = "<group>"; };
		24ECE4DF1799EBBF00CFB726 /* HHClientCell.h */ = {isa = PBXFileReference; fileEncoding = 4; lastKnownFileType = sourcecode.c.h; path = HHClientCell.h; sourceTree = "<group>"; };
		24ECE4E01799EBBF00CFB726 /* HHClientCell.m */ = {isa = PBXFileReference; fileEncoding = 4; lastKnownFileType = sourcecode.c.objc; path = HHClientCell.m; sourceTree = "<group>"; };
		24F9D3D9179EBA7800941CA5 /* HHSessionViewController.h */ = {isa = PBXFileReference; fileEncoding = 4; lastKnownFileType = sourcecode.c.h; path = HHSessionViewController.h; sourceTree = "<group>"; };
		24F9D3DA179EBA7800941CA5 /* HHSessionViewController.m */ = {isa = PBXFileReference; fileEncoding = 4; lastKnownFileType = sourcecode.c.objc; path = HHSessionViewController.m; sourceTree = "<group>"; };
		4AB0D8ED1895627C003FE9EC /* Model.xcdatamodel */ = {isa = PBXFileReference; lastKnownFileType = wrapper.xcdatamodel; path = Model.xcdatamodel; sourceTree = "<group>"; };
		4AB0D8F91895649D003FE9EC /* Session.h */ = {isa = PBXFileReference; fileEncoding = 4; lastKnownFileType = sourcecode.c.h; path = Session.h; sourceTree = "<group>"; };
		4AB0D8FA1895649D003FE9EC /* Session.m */ = {isa = PBXFileReference; fileEncoding = 4; lastKnownFileType = sourcecode.c.objc; path = Session.m; sourceTree = "<group>"; };
		4AB0D8FB1895649D003FE9EC /* User.h */ = {isa = PBXFileReference; fileEncoding = 4; lastKnownFileType = sourcecode.c.h; path = User.h; sourceTree = "<group>"; };
		4AB0D8FC1895649D003FE9EC /* User.m */ = {isa = PBXFileReference; fileEncoding = 4; lastKnownFileType = sourcecode.c.objc; path = User.m; sourceTree = "<group>"; };
		4AB0D8FE1895649D003FE9EC /* _Session.h */ = {isa = PBXFileReference; fileEncoding = 4; lastKnownFileType = sourcecode.c.h; path = _Session.h; sourceTree = "<group>"; };
		4AB0D8FF1895649D003FE9EC /* _Session.m */ = {isa = PBXFileReference; fileEncoding = 4; lastKnownFileType = sourcecode.c.objc; path = _Session.m; sourceTree = "<group>"; };
		4AB0D9001895649D003FE9EC /* _User.h */ = {isa = PBXFileReference; fileEncoding = 4; lastKnownFileType = sourcecode.c.h; path = _User.h; sourceTree = "<group>"; };
		4AB0D9011895649D003FE9EC /* _User.m */ = {isa = PBXFileReference; fileEncoding = 4; lastKnownFileType = sourcecode.c.objc; path = _User.m; sourceTree = "<group>"; };
		4AB0D907189565E7003FE9EC /* RCMAPIClient.h */ = {isa = PBXFileReference; fileEncoding = 4; lastKnownFileType = sourcecode.c.h; path = RCMAPIClient.h; sourceTree = "<group>"; };
		4AB0D908189565E7003FE9EC /* RCMAPIClient.m */ = {isa = PBXFileReference; fileEncoding = 4; lastKnownFileType = sourcecode.c.objc; path = RCMAPIClient.m; sourceTree = "<group>"; };
		4AB0D90A18956797003FE9EC /* RCMManagedObject.h */ = {isa = PBXFileReference; fileEncoding = 4; lastKnownFileType = sourcecode.c.h; path = RCMManagedObject.h; sourceTree = "<group>"; };
		4AB0D90B18956797003FE9EC /* RCMManagedObject.m */ = {isa = PBXFileReference; fileEncoding = 4; lastKnownFileType = sourcecode.c.objc; path = RCMManagedObject.m; sourceTree = "<group>"; };
		4AB0D90D1895685E003FE9EC /* RCMAPIResponseCoreDataMappingProtocol.h */ = {isa = PBXFileReference; lastKnownFileType = sourcecode.c.h; path = RCMAPIResponseCoreDataMappingProtocol.h; sourceTree = "<group>"; };
		4AB0D90F189574BF003FE9EC /* UIViewController+APIClientAddition.h */ = {isa = PBXFileReference; fileEncoding = 4; lastKnownFileType = sourcecode.c.h; path = "UIViewController+APIClientAddition.h"; sourceTree = "<group>"; };
		4AB0D910189574BF003FE9EC /* UIViewController+APIClientAddition.m */ = {isa = PBXFileReference; fileEncoding = 4; lastKnownFileType = sourcecode.c.objc; path = "UIViewController+APIClientAddition.m"; sourceTree = "<group>"; };
		608FDA0CFD7946A690ADAB3F /* Pods.xcconfig */ = {isa = PBXFileReference; includeInIndex = 1; lastKnownFileType = text.xcconfig; name = Pods.xcconfig; path = Pods/Pods.xcconfig; sourceTree = SOURCE_ROOT; };
		8198C798C4D84373968F03CC /* libPods.a */ = {isa = PBXFileReference; explicitFileType = archive.ar; includeInIndex = 0; path = libPods.a; sourceTree = BUILT_PRODUCTS_DIR; };
/* End PBXFileReference section */

/* Begin PBXFrameworksBuildPhase section */
		24974AB7178605DB000AD52F /* Frameworks */ = {
			isa = PBXFrameworksBuildPhase;
			buildActionMask = 2147483647;
			files = (
				24974ABE178605DB000AD52F /* UIKit.framework in Frameworks */,
				24974AC0178605DB000AD52F /* Foundation.framework in Frameworks */,
				24974AC2178605DB000AD52F /* CoreGraphics.framework in Frameworks */,
				4F45F39ABB7546B58BED1A14 /* libPods.a in Frameworks */,
			);
			runOnlyForDeploymentPostprocessing = 0;
		};
/* End PBXFrameworksBuildPhase section */

/* Begin PBXGroup section */
		24974AB1178605DB000AD52F = {
			isa = PBXGroup;
			children = (
				24974AC3178605DB000AD52F /* DarioApp */,
				24974ABC178605DB000AD52F /* Frameworks */,
				24974ABB178605DB000AD52F /* Products */,
				608FDA0CFD7946A690ADAB3F /* Pods.xcconfig */,
			);
			sourceTree = "<group>";
		};
		24974ABB178605DB000AD52F /* Products */ = {
			isa = PBXGroup;
			children = (
				24974ABA178605DB000AD52F /* DarioApp.app */,
			);
			name = Products;
			sourceTree = "<group>";
		};
		24974ABC178605DB000AD52F /* Frameworks */ = {
			isa = PBXGroup;
			children = (
				24974ABD178605DB000AD52F /* UIKit.framework */,
				24974ABF178605DB000AD52F /* Foundation.framework */,
				24974AC1178605DB000AD52F /* CoreGraphics.framework */,
				8198C798C4D84373968F03CC /* libPods.a */,
			);
			name = Frameworks;
			sourceTree = "<group>";
		};
		24974AC3178605DB000AD52F /* DarioApp */ = {
			isa = PBXGroup;
			children = (
				24974ACC178605DB000AD52F /* HHAppDelegate.h */,
				24974ACD178605DB000AD52F /* HHAppDelegate.m */,
				24ECE4DC1799E30700CFB726 /* Model */,
				24ECE4DD1799E30E00CFB726 /* Views */,
				24ECE4DE1799E31400CFB726 /* Controllers */,
				24974AC4178605DB000AD52F /* Supporting Files */,
			);
			path = DarioApp;
			sourceTree = "<group>";
		};
		24974AC4178605DB000AD52F /* Supporting Files */ = {
			isa = PBXGroup;
			children = (
				24E07B9017A3E2DC0027D01F /* data.plist */,
				24974AC5178605DB000AD52F /* DarioApp-Info.plist */,
				24974AC6178605DB000AD52F /* InfoPlist.strings */,
				24974AC9178605DB000AD52F /* main.m */,
				24974ACB178605DB000AD52F /* DarioApp-Prefix.pch */,
				24974ACF178605DB000AD52F /* Default.png */,
				24974AD1178605DB000AD52F /* Default@2x.png */,
				24974AD3178605DC000AD52F /* Default-568h@2x.png */,
			);
			name = "Supporting Files";
			sourceTree = "<group>";
		};
		24ECE4DC1799E30700CFB726 /* Model */ = {
			isa = PBXGroup;
			children = (
				4AB0D906189565B5003FE9EC /* Networking */,
				4AB0D8F71895649D003FE9EC /* Objects */,
				4AB0D8EB18956258003FE9EC /* CoreData */,
				24E07B8D17A3E2A60027D01F /* HHClient.h */,
				24E07B8E17A3E2A60027D01F /* HHClient.m */,
				24E07B9217A3E6F60027D01F /* HHDataSetup.h */,
				24E07B9317A3E6F60027D01F /* HHDataSetup.m */,
				24E07B9517A3E8600027D01F /* HHSession.h */,
				24E07B9617A3E8600027D01F /* HHSession.m */,
			);
			name = Model;
			path = "01 Model";
			sourceTree = "<group>";
		};
		24ECE4DD1799E30E00CFB726 /* Views */ = {
			isa = PBXGroup;
			children = (
				24974AD5178605DC000AD52F /* MainStoryboard.storyboard */,
			);
			name = Views;
			sourceTree = "<group>";
		};
		24ECE4DE1799E31400CFB726 /* Controllers */ = {
			isa = PBXGroup;
			children = (
				4AB0D90E1895749D003FE9EC /* Utils */,
				243053E617A0936E00848E3A /* HHSignerViewController.h */,
				243053E717A0936E00848E3A /* HHSignerViewController.m */,
				24974AD8178605DC000AD52F /* HHMasterViewController.h */,
				24974AD9178605DC000AD52F /* HHMasterViewController.m */,
				24974ADB178605DC000AD52F /* HHDetailViewController.h */,
				24974ADC178605DC000AD52F /* HHDetailViewController.m */,
				24ECE4DF1799EBBF00CFB726 /* HHClientCell.h */,
				24ECE4E01799EBBF00CFB726 /* HHClientCell.m */,
				24C2BDEF179AF10100EB5B03 /* HHEditClientViewController.h */,
				24C2BDF0179AF10100EB5B03 /* HHEditClientViewController.m */,
				24F9D3D9179EBA7800941CA5 /* HHSessionViewController.h */,
				24F9D3DA179EBA7800941CA5 /* HHSessionViewController.m */,
			);
			name = Controllers;
			path = "03 Controllers";
			sourceTree = "<group>";
		};
		4AB0D8EB18956258003FE9EC /* CoreData */ = {
			isa = PBXGroup;
			children = (
				4AB0D8EC1895627C003FE9EC /* Model.xcdatamodeld */,
				4AB0D90A18956797003FE9EC /* RCMManagedObject.h */,
				4AB0D90B18956797003FE9EC /* RCMManagedObject.m */,
				4AB0D90D1895685E003FE9EC /* RCMAPIResponseCoreDataMappingProtocol.h */,
			);
			path = CoreData;
			sourceTree = "<group>";
		};
		4AB0D8F71895649D003FE9EC /* Objects */ = {
			isa = PBXGroup;
			children = (
				4AB0D8F81895649D003FE9EC /* Human */,
				4AB0D8FD1895649D003FE9EC /* Machine */,
			);
			path = Objects;
			sourceTree = "<group>";
		};
		4AB0D8F81895649D003FE9EC /* Human */ = {
			isa = PBXGroup;
			children = (
				4AB0D8F91895649D003FE9EC /* Session.h */,
				4AB0D8FA1895649D003FE9EC /* Session.m */,
				4AB0D8FB1895649D003FE9EC /* User.h */,
				4AB0D8FC1895649D003FE9EC /* User.m */,
			);
			path = Human;
			sourceTree = "<group>";
		};
		4AB0D8FD1895649D003FE9EC /* Machine */ = {
			isa = PBXGroup;
			children = (
				4AB0D8FE1895649D003FE9EC /* _Session.h */,
				4AB0D8FF1895649D003FE9EC /* _Session.m */,
				4AB0D9001895649D003FE9EC /* _User.h */,
				4AB0D9011895649D003FE9EC /* _User.m */,
			);
			path = Machine;
			sourceTree = "<group>";
		};
		4AB0D906189565B5003FE9EC /* Networking */ = {
			isa = PBXGroup;
			children = (
				4AB0D907189565E7003FE9EC /* RCMAPIClient.h */,
				4AB0D908189565E7003FE9EC /* RCMAPIClient.m */,
			);
			path = Networking;
			sourceTree = "<group>";
		};
		4AB0D90E1895749D003FE9EC /* Utils */ = {
			isa = PBXGroup;
			children = (
				4AB0D90F189574BF003FE9EC /* UIViewController+APIClientAddition.h */,
				4AB0D910189574BF003FE9EC /* UIViewController+APIClientAddition.m */,
			);
			path = Utils;
			sourceTree = "<group>";
		};
/* End PBXGroup section */

/* Begin PBXNativeTarget section */
		24974AB9178605DB000AD52F /* DarioApp */ = {
			isa = PBXNativeTarget;
			buildConfigurationList = 24974AE0178605DC000AD52F /* Build configuration list for PBXNativeTarget "DarioApp" */;
			buildPhases = (
				0BB0723456874D5F9F248129 /* Check Pods Manifest.lock */,
				24974AB6178605DB000AD52F /* Sources */,
				24974AB7178605DB000AD52F /* Frameworks */,
				24974AB8178605DB000AD52F /* Resources */,
				8972C18DD73B42B0B540CA99 /* Copy Pods Resources */,
			);
			buildRules = (
			);
			dependencies = (
			);
			name = DarioApp;
			productName = DarioApp;
			productReference = 24974ABA178605DB000AD52F /* DarioApp.app */;
			productType = "com.apple.product-type.application";
		};
/* End PBXNativeTarget section */

/* Begin PBXProject section */
		24974AB2178605DB000AD52F /* Project object */ = {
			isa = PBXProject;
			attributes = {
				CLASSPREFIX = HH;
				LastUpgradeCheck = 0460;
				ORGANIZATIONNAME = "Horacio Herrera";
			};
			buildConfigurationList = 24974AB5178605DB000AD52F /* Build configuration list for PBXProject "DarioApp" */;
			compatibilityVersion = "Xcode 3.2";
			developmentRegion = English;
			hasScannedForEncodings = 0;
			knownRegions = (
				en,
			);
			mainGroup = 24974AB1178605DB000AD52F;
			productRefGroup = 24974ABB178605DB000AD52F /* Products */;
			projectDirPath = "";
			projectRoot = "";
			targets = (
				24974AB9178605DB000AD52F /* DarioApp */,
				4AB0D8EF189562DF003FE9EC /* mogenerator */,
			);
		};
/* End PBXProject section */

/* Begin PBXResourcesBuildPhase section */
		24974AB8178605DB000AD52F /* Resources */ = {
			isa = PBXResourcesBuildPhase;
			buildActionMask = 2147483647;
			files = (
				24974AC8178605DB000AD52F /* InfoPlist.strings in Resources */,
				24974AD0178605DB000AD52F /* Default.png in Resources */,
				24974AD2178605DC000AD52F /* Default@2x.png in Resources */,
				24974AD4178605DC000AD52F /* Default-568h@2x.png in Resources */,
				24974AD7178605DC000AD52F /* MainStoryboard.storyboard in Resources */,
				24E07B9117A3E2DC0027D01F /* data.plist in Resources */,
			);
			runOnlyForDeploymentPostprocessing = 0;
		};
/* End PBXResourcesBuildPhase section */

/* Begin PBXShellScriptBuildPhase section */
		0BB0723456874D5F9F248129 /* Check Pods Manifest.lock */ = {
			isa = PBXShellScriptBuildPhase;
			buildActionMask = 2147483647;
			files = (
			);
			inputPaths = (
			);
			name = "Check Pods Manifest.lock";
			outputPaths = (
			);
			runOnlyForDeploymentPostprocessing = 0;
			shellPath = /bin/sh;
			shellScript = "diff \"${PODS_ROOT}/../Podfile.lock\" \"${PODS_ROOT}/Manifest.lock\" > /dev/null\nif [[ $? != 0 ]] ; then\n    cat << EOM\nerror: The sandbox is not in sync with the Podfile.lock. Run 'pod install' or update your CocoaPods installation.\nEOM\n    exit 1\nfi\n";
		};
		4AB0D8F3189562E8003FE9EC /* Generate model */ = {
			isa = PBXShellScriptBuildPhase;
			buildActionMask = 2147483647;
			files = (
			);
			inputPaths = (
			);
			name = "Generate model";
			outputPaths = (
			);
			runOnlyForDeploymentPostprocessing = 0;
			shellPath = /bin/sh;
			shellScript = "cd DarioApp\n/usr/local/bin/mogenerator --template-var arc=true --base-class RCMManagedObject -m 01\\ Model/CoreData/Model.xcdatamodeld/Model.xcdatamodel/ -M 01\\ Model/Objects/Machine/ -H 01\\ Model/Objects/Human";
		};
		8972C18DD73B42B0B540CA99 /* Copy Pods Resources */ = {
			isa = PBXShellScriptBuildPhase;
			buildActionMask = 2147483647;
			files = (
			);
			inputPaths = (
			);
			name = "Copy Pods Resources";
			outputPaths = (
			);
			runOnlyForDeploymentPostprocessing = 0;
			shellPath = /bin/sh;
			shellScript = "\"${SRCROOT}/Pods/Pods-resources.sh\"\n";
		};
/* End PBXShellScriptBuildPhase section */

/* Begin PBXSourcesBuildPhase section */
		24974AB6178605DB000AD52F /* Sources */ = {
			isa = PBXSourcesBuildPhase;
			buildActionMask = 2147483647;
			files = (
				4AB0D9051895649D003FE9EC /* _User.m in Sources */,
				24974ACA178605DB000AD52F /* main.m in Sources */,
				24974ACE178605DB000AD52F /* HHAppDelegate.m in Sources */,
				24974ADA178605DC000AD52F /* HHMasterViewController.m in Sources */,
				4AB0D9021895649D003FE9EC /* Session.m in Sources */,
				4AB0D9041895649D003FE9EC /* _Session.m in Sources */,
				4AB0D911189574BF003FE9EC /* UIViewController+APIClientAddition.m in Sources */,
				24974ADD178605DC000AD52F /* HHDetailViewController.m in Sources */,
				4AB0D909189565E7003FE9EC /* RCMAPIClient.m in Sources */,
				24ECE4E11799EBBF00CFB726 /* HHClientCell.m in Sources */,
				24C2BDF1179AF10100EB5B03 /* HHEditClientViewController.m in Sources */,
				24F9D3DB179EBA7800941CA5 /* HHSessionViewController.m in Sources */,
				4AB0D9031895649D003FE9EC /* User.m in Sources */,
				243053E817A0936E00848E3A /* HHSignerViewController.m in Sources */,
				24E07B8F17A3E2A60027D01F /* HHClient.m in Sources */,
				24E07B9417A3E6F60027D01F /* HHDataSetup.m in Sources */,
				24E07B9717A3E8600027D01F /* HHSession.m in Sources */,
				4AB0D8EE1895627C003FE9EC /* Model.xcdatamodeld in Sources */,
				4AB0D90C18956797003FE9EC /* RCMManagedObject.m in Sources */,
			);
			runOnlyForDeploymentPostprocessing = 0;
		};
/* End PBXSourcesBuildPhase section */

/* Begin PBXVariantGroup section */
		24974AC6178605DB000AD52F /* InfoPlist.strings */ = {
			isa = PBXVariantGroup;
			children = (
				24974AC7178605DB000AD52F /* en */,
			);
			name = InfoPlist.strings;
			sourceTree = "<group>";
		};
		24974AD5178605DC000AD52F /* MainStoryboard.storyboard */ = {
			isa = PBXVariantGroup;
			children = (
				24974AD6178605DC000AD52F /* en */,
			);
			name = MainStoryboard.storyboard;
			sourceTree = "<group>";
		};
/* End PBXVariantGroup section */

/* Begin XCBuildConfiguration section */
		24974ADE178605DC000AD52F /* Debug */ = {
			isa = XCBuildConfiguration;
			buildSettings = {
				ALWAYS_SEARCH_USER_PATHS = NO;
				CLANG_CXX_LANGUAGE_STANDARD = "gnu++0x";
				CLANG_CXX_LIBRARY = "libc++";
				CLANG_ENABLE_OBJC_ARC = YES;
				CLANG_WARN_CONSTANT_CONVERSION = YES;
				CLANG_WARN_EMPTY_BODY = YES;
				CLANG_WARN_ENUM_CONVERSION = YES;
				CLANG_WARN_INT_CONVERSION = YES;
				CLANG_WARN__DUPLICATE_METHOD_MATCH = YES;
				"CODE_SIGN_IDENTITY[sdk=iphoneos*]" = "iPhone Developer";
				COPY_PHASE_STRIP = NO;
				GCC_C_LANGUAGE_STANDARD = gnu99;
				GCC_DYNAMIC_NO_PIC = NO;
				GCC_OPTIMIZATION_LEVEL = 0;
				GCC_PREPROCESSOR_DEFINITIONS = (
					"DEBUG=1",
					"$(inherited)",
				);
				GCC_SYMBOLS_PRIVATE_EXTERN = NO;
				GCC_WARN_ABOUT_RETURN_TYPE = YES;
				GCC_WARN_UNINITIALIZED_AUTOS = YES;
				GCC_WARN_UNUSED_VARIABLE = YES;
				IPHONEOS_DEPLOYMENT_TARGET = 6.1;
				ONLY_ACTIVE_ARCH = YES;
				SDKROOT = iphoneos;
				TARGETED_DEVICE_FAMILY = 2;
			};
			name = Debug;
		};
		24974ADF178605DC000AD52F /* Release */ = {
			isa = XCBuildConfiguration;
			buildSettings = {
				ALWAYS_SEARCH_USER_PATHS = NO;
				CLANG_CXX_LANGUAGE_STANDARD = "gnu++0x";
				CLANG_CXX_LIBRARY = "libc++";
				CLANG_ENABLE_OBJC_ARC = YES;
				CLANG_WARN_CONSTANT_CONVERSION = YES;
				CLANG_WARN_EMPTY_BODY = YES;
				CLANG_WARN_ENUM_CONVERSION = YES;
				CLANG_WARN_INT_CONVERSION = YES;
				CLANG_WARN__DUPLICATE_METHOD_MATCH = YES;
				"CODE_SIGN_IDENTITY[sdk=iphoneos*]" = "iPhone Developer";
				COPY_PHASE_STRIP = YES;
				GCC_C_LANGUAGE_STANDARD = gnu99;
				GCC_WARN_ABOUT_RETURN_TYPE = YES;
				GCC_WARN_UNINITIALIZED_AUTOS = YES;
				GCC_WARN_UNUSED_VARIABLE = YES;
				IPHONEOS_DEPLOYMENT_TARGET = 6.1;
				OTHER_CFLAGS = "-DNS_BLOCK_ASSERTIONS=1";
				SDKROOT = iphoneos;
				TARGETED_DEVICE_FAMILY = 2;
				VALIDATE_PRODUCT = YES;
			};
			name = Release;
		};
		24974AE1178605DC000AD52F /* Debug */ = {
			isa = XCBuildConfiguration;
			baseConfigurationReference = 608FDA0CFD7946A690ADAB3F /* Pods.xcconfig */;
			buildSettings = {
				GCC_PRECOMPILE_PREFIX_HEADER = YES;
				GCC_PREFIX_HEADER = "DarioApp/DarioApp-Prefix.pch";
				INFOPLIST_FILE = "DarioApp/DarioApp-Info.plist";
				IPHONEOS_DEPLOYMENT_TARGET = 6.0;
				PRODUCT_NAME = "$(TARGET_NAME)";
				WRAPPER_EXTENSION = app;
			};
			name = Debug;
		};
		24974AE2178605DC000AD52F /* Release */ = {
			isa = XCBuildConfiguration;
			baseConfigurationReference = 608FDA0CFD7946A690ADAB3F /* Pods.xcconfig */;
			buildSettings = {
				GCC_PRECOMPILE_PREFIX_HEADER = YES;
				GCC_PREFIX_HEADER = "DarioApp/DarioApp-Prefix.pch";
				INFOPLIST_FILE = "DarioApp/DarioApp-Info.plist";
				IPHONEOS_DEPLOYMENT_TARGET = 6.0;
				PRODUCT_NAME = "$(TARGET_NAME)";
				WRAPPER_EXTENSION = app;
			};
			name = Release;
		};
		4AB0D8F1189562DF003FE9EC /* Debug */ = {
			isa = XCBuildConfiguration;
			buildSettings = {
				PRODUCT_NAME = "$(TARGET_NAME)";
			};
			name = Debug;
		};
		4AB0D8F2189562DF003FE9EC /* Release */ = {
			isa = XCBuildConfiguration;
			buildSettings = {
				PRODUCT_NAME = "$(TARGET_NAME)";
			};
			name = Release;
		};
/* End XCBuildConfiguration section */

/* Begin XCConfigurationList section */
		24974AB5178605DB000AD52F /* Build configuration list for PBXProject "DarioApp" */ = {
			isa = XCConfigurationList;
			buildConfigurations = (
				24974ADE178605DC000AD52F /* Debug */,
				24974ADF178605DC000AD52F /* Release */,
			);
			defaultConfigurationIsVisible = 0;
			defaultConfigurationName = Release;
		};
		24974AE0178605DC000AD52F /* Build configuration list for PBXNativeTarget "DarioApp" */ = {
			isa = XCConfigurationList;
			buildConfigurations = (
				24974AE1178605DC000AD52F /* Debug */,
				24974AE2178605DC000AD52F /* Release */,
			);
			defaultConfigurationIsVisible = 0;
			defaultConfigurationName = Release;
		};
		4AB0D8F0189562DF003FE9EC /* Build configuration list for PBXAggregateTarget "mogenerator" */ = {
			isa = XCConfigurationList;
			buildConfigurations = (
				4AB0D8F1189562DF003FE9EC /* Debug */,
				4AB0D8F2189562DF003FE9EC /* Release */,
			);
			defaultConfigurationIsVisible = 0;
		};
/* End XCConfigurationList section */

/* Begin XCVersionGroup section */
		4AB0D8EC1895627C003FE9EC /* Model.xcdatamodeld */ = {
			isa = XCVersionGroup;
			children = (
				4AB0D8ED1895627C003FE9EC /* Model.xcdatamodel */,
			);
			currentVersion = 4AB0D8ED1895627C003FE9EC /* Model.xcdatamodel */;
			path = Model.xcdatamodeld;
			sourceTree = "<group>";
			versionGroupType = wrapper.xcdatamodel;
		};
/* End XCVersionGroup section */
	};
	rootObject = 24974AB2178605DB000AD52F /* Project object */;
}
